
Microsoft Visual Studio Solution File, Format Version 12.00
# Visual Studio 14
VisualStudioVersion = 14.0.25420.1
MinimumVisualStudioVersion = 10.0.40219.1
Project("{FAE04EC0-301F-11D3-BF4B-00C04F79EFBC}") = "ClothBazar.Web", "ClothBazar.Web\ClothBazar.Web.csproj", "{CCB8FC8F-C9C8-4063-8F62-C4643067F7C9}"
EndProject
Project("{FAE04EC0-301F-11D3-BF4B-00C04F79EFBC}") = "ClothBazar.Entities", "ClothBazar.Entities\ClothBazar.Entities.csproj", "{40E14321-FAB4-440F-9B81-3034C029326D}"
EndProject
Project("{FAE04EC0-301F-11D3-BF4B-00C04F79EFBC}") = "ClothBazar.Database", "ClothBazar.Database\ClothBazar.Database.csproj", "{8FFAC2C3-F11D-4132-8F42-498D204F18BF}"
EndProject
Project("{FAE04EC0-301F-11D3-BF4B-00C04F79EFBC}") = "ClothBazar.Services", "ClothBazar.Services\ClothBazar.Services.csproj", "{16C353DE-08D9-43C5-B23F-4696837FE277}"
EndProject
Global
	GlobalSection(SolutionConfigurationPlatforms) = preSolution
		Debug|Any CPU = Debug|Any CPU
		Release|Any CPU = Release|Any CPU
	EndGlobalSection
	GlobalSection(ProjectConfigurationPlatforms) = postSolution
		{CCB8FC8F-C9C8-4063-8F62-C4643067F7C9}.Debug|Any CPU.ActiveCfg = Debug|Any CPU
		{CCB8FC8F-C9C8-4063-8F62-C4643067F7C9}.Debug|Any CPU.Build.0 = Debug|Any CPU
		{CCB8FC8F-C9C8-4063-8F62-C4643067F7C9}.Release|Any CPU.ActiveCfg = Release|Any CPU
		{CCB8FC8F-C9C8-4063-8F62-C4643067F7C9}.Release|Any CPU.Build.0 = Release|Any CPU
		{40E14321-FAB4-440F-9B81-3034C029326D}.Debug|Any CPU.ActiveCfg = Debug|Any CPU
		{40E14321-FAB4-440F-9B81-3034C029326D}.Debug|Any CPU.Build.0 = Debug|Any CPU
		{40E14321-FAB4-440F-9B81-3034C029326D}.Release|Any CPU.ActiveCfg = Release|Any CPU
		{40E14321-FAB4-440F-9B81-3034C029326D}.Release|Any CPU.Build.0 = Release|Any CPU
		{8FFAC2C3-F11D-4132-8F42-498D204F18BF}.Debug|Any CPU.ActiveCfg = Debug|Any CPU
		{8FFAC2C3-F11D-4132-8F42-498D204F18BF}.Debug|Any CPU.Build.0 = Debug|Any CPU
		{8FFAC2C3-F11D-4132-8F42-498D204F18BF}.Release|Any CPU.ActiveCfg = Release|Any CPU
		{8FFAC2C3-F11D-4132-8F42-498D204F18BF}.Release|Any CPU.Build.0 = Release|Any CPU
		{16C353DE-08D9-43C5-B23F-4696837FE277}.Debug|Any CPU.ActiveCfg = Debug|Any CPU
		{16C353DE-08D9-43C5-B23F-4696837FE277}.Debug|Any CPU.Build.0 = Debug|Any CPU
		{16C353DE-08D9-43C5-B23F-4696837FE277}.Release|Any CPU.ActiveCfg = Release|Any CPU
		{16C353DE-08D9-43C5-B23F-4696837FE277}.Release|Any CPU.Build.0 = Release|Any CPU
	EndGlobalSection
	GlobalSection(SolutionProperties) = preSolution
		HideSolutionNode = FALSE
	EndGlobalSection
EndGlobal
